
Microsoft Visual Studio Solution File, Format Version 12.00
# Visual Studio Version 16
VisualStudioVersion = 16.0.29728.190
MinimumVisualStudioVersion = 10.0.40219.1
Project("{FAE04EC0-301F-11D3-BF4B-00C04F79EFBC}") = "BabyFoot.Api", "BabyFoot.Api\BabyFoot.Api.csproj", "{7FE9785A-A787-457B-8152-40CFEC8A4BD2}"
EndProject
Project("{FAE04EC0-301F-11D3-BF4B-00C04F79EFBC}") = "BabyFoot.Business", "BabyFoot.Business\BabyFoot.Business.csproj", "{6A7F6496-BA93-4919-B3E9-4A1E7784062F}"
EndProject
Project("{FAE04EC0-301F-11D3-BF4B-00C04F79EFBC}") = "BabyFoot.Business.Contract", "BabyFoot.Business.Contract\BabyFoot.Business.Contract.csproj", "{8B813270-737A-40C9-9228-533FBBFF2F0B}"
EndProject
Project("{FAE04EC0-301F-11D3-BF4B-00C04F79EFBC}") = "BabyFoot.Common", "BabyFoot.Common\BabyFoot.Common.csproj", "{7910F3A3-B517-421E-86BD-2F76EBF55290}"
EndProject
Project("{FAE04EC0-301F-11D3-BF4B-00C04F79EFBC}") = "BabyFoot.Dal", "BabyFoot.Dal\BabyFoot.Dal.csproj", "{6373BE37-9740-441E-8A07-DE2375D34A89}"
EndProject
Project("{FAE04EC0-301F-11D3-BF4B-00C04F79EFBC}") = "BabyFoot.Dal.Contract", "BabyFoot.Dal.Contract\BabyFoot.Dal.Contract.csproj", "{CE10D184-1EAB-4376-9DD0-A2E9AF15FBF7}"
EndProject
Global
	GlobalSection(SolutionConfigurationPlatforms) = preSolution
		Debug|Any CPU = Debug|Any CPU
		Release|Any CPU = Release|Any CPU
	EndGlobalSection
	GlobalSection(ProjectConfigurationPlatforms) = postSolution
		{7FE9785A-A787-457B-8152-40CFEC8A4BD2}.Debug|Any CPU.ActiveCfg = Debug|Any CPU
		{7FE9785A-A787-457B-8152-40CFEC8A4BD2}.Debug|Any CPU.Build.0 = Debug|Any CPU
		{7FE9785A-A787-457B-8152-40CFEC8A4BD2}.Release|Any CPU.ActiveCfg = Release|Any CPU
		{7FE9785A-A787-457B-8152-40CFEC8A4BD2}.Release|Any CPU.Build.0 = Release|Any CPU
		{6A7F6496-BA93-4919-B3E9-4A1E7784062F}.Debug|Any CPU.ActiveCfg = Debug|Any CPU
		{6A7F6496-BA93-4919-B3E9-4A1E7784062F}.Debug|Any CPU.Build.0 = Debug|Any CPU
		{6A7F6496-BA93-4919-B3E9-4A1E7784062F}.Release|Any CPU.ActiveCfg = Release|Any CPU
		{6A7F6496-BA93-4919-B3E9-4A1E7784062F}.Release|Any CPU.Build.0 = Release|Any CPU
		{8B813270-737A-40C9-9228-533FBBFF2F0B}.Debug|Any CPU.ActiveCfg = Debug|Any CPU
		{8B813270-737A-40C9-9228-533FBBFF2F0B}.Debug|Any CPU.Build.0 = Debug|Any CPU
		{8B813270-737A-40C9-9228-533FBBFF2F0B}.Release|Any CPU.ActiveCfg = Release|Any CPU
		{8B813270-737A-40C9-9228-533FBBFF2F0B}.Release|Any CPU.Build.0 = Release|Any CPU
		{7910F3A3-B517-421E-86BD-2F76EBF55290}.Debug|Any CPU.ActiveCfg = Debug|Any CPU
		{7910F3A3-B517-421E-86BD-2F76EBF55290}.Debug|Any CPU.Build.0 = Debug|Any CPU
		{7910F3A3-B517-421E-86BD-2F76EBF55290}.Release|Any CPU.ActiveCfg = Release|Any CPU
		{7910F3A3-B517-421E-86BD-2F76EBF55290}.Release|Any CPU.Build.0 = Release|Any CPU
		{6373BE37-9740-441E-8A07-DE2375D34A89}.Debug|Any CPU.ActiveCfg = Debug|Any CPU
		{6373BE37-9740-441E-8A07-DE2375D34A89}.Debug|Any CPU.Build.0 = Debug|Any CPU
		{6373BE37-9740-441E-8A07-DE2375D34A89}.Release|Any CPU.ActiveCfg = Release|Any CPU
		{6373BE37-9740-441E-8A07-DE2375D34A89}.Release|Any CPU.Build.0 = Release|Any CPU
		{CE10D184-1EAB-4376-9DD0-A2E9AF15FBF7}.Debug|Any CPU.ActiveCfg = Debug|Any CPU
		{CE10D184-1EAB-4376-9DD0-A2E9AF15FBF7}.Debug|Any CPU.Build.0 = Debug|Any CPU
		{CE10D184-1EAB-4376-9DD0-A2E9AF15FBF7}.Release|Any CPU.ActiveCfg = Release|Any CPU
		{CE10D184-1EAB-4376-9DD0-A2E9AF15FBF7}.Release|Any CPU.Build.0 = Release|Any CPU
	EndGlobalSection
	GlobalSection(SolutionProperties) = preSolution
		HideSolutionNode = FALSE
	EndGlobalSection
	GlobalSection(ExtensibilityGlobals) = postSolution
		SolutionGuid = {37E35717-01AF-423A-9DB7-82B217A5E5F3}
	EndGlobalSection
EndGlobal
